{
  "object": {
    "pins": [
      {
        "package": "RxSwift",
        "repositoryURL": "https://github.com/MediaTalkClientTeam/RxSwift.git",
        "state": {
          "branch": null,
          "revision": "6ae398b4ec899d91915c51ff216e362457dbd89f",
          "version": "4.3.5"
        }
      }
    ]
  },
  "version": 1
}
